
Microsoft Visual Studio Solution File, Format Version 12.00
# Visual Studio Version 16
VisualStudioVersion = 16.0.30309.148
MinimumVisualStudioVersion = 10.0.40219.1
Project("{9A19103F-16F7-4668-BE54-9A1E7A4F7556}") = "WebAppGP", "WebAppGP\WebAppGP.csproj", "{3F34CDF0-C993-497D-8106-D96A8D075EC3}"
EndProject
Project("{FAE04EC0-301F-11D3-BF4B-00C04F79EFBC}") = "Strength.DB", "Strength.DB\Strength.DB.csproj", "{C81254B8-C796-4C2D-9C31-68318E78311F}"
EndProject
Project("{FAE04EC0-301F-11D3-BF4B-00C04F79EFBC}") = "Users.Core", "Users.Core\Users.Core.csproj", "{761EDA46-77B6-4D1F-858D-8EE59848D304}"
EndProject
Global
	GlobalSection(SolutionConfigurationPlatforms) = preSolution
		Debug|Any CPU = Debug|Any CPU
		Release|Any CPU = Release|Any CPU
	EndGlobalSection
	GlobalSection(ProjectConfigurationPlatforms) = postSolution
		{3F34CDF0-C993-497D-8106-D96A8D075EC3}.Debug|Any CPU.ActiveCfg = Debug|Any CPU
		{3F34CDF0-C993-497D-8106-D96A8D075EC3}.Debug|Any CPU.Build.0 = Debug|Any CPU
		{3F34CDF0-C993-497D-8106-D96A8D075EC3}.Release|Any CPU.ActiveCfg = Release|Any CPU
		{3F34CDF0-C993-497D-8106-D96A8D075EC3}.Release|Any CPU.Build.0 = Release|Any CPU
		{C81254B8-C796-4C2D-9C31-68318E78311F}.Debug|Any CPU.ActiveCfg = Debug|Any CPU
		{C81254B8-C796-4C2D-9C31-68318E78311F}.Debug|Any CPU.Build.0 = Debug|Any CPU
		{C81254B8-C796-4C2D-9C31-68318E78311F}.Release|Any CPU.ActiveCfg = Release|Any CPU
		{C81254B8-C796-4C2D-9C31-68318E78311F}.Release|Any CPU.Build.0 = Release|Any CPU
		{761EDA46-77B6-4D1F-858D-8EE59848D304}.Debug|Any CPU.ActiveCfg = Debug|Any CPU
		{761EDA46-77B6-4D1F-858D-8EE59848D304}.Debug|Any CPU.Build.0 = Debug|Any CPU
		{761EDA46-77B6-4D1F-858D-8EE59848D304}.Release|Any CPU.ActiveCfg = Release|Any CPU
		{761EDA46-77B6-4D1F-858D-8EE59848D304}.Release|Any CPU.Build.0 = Release|Any CPU
	EndGlobalSection
	GlobalSection(SolutionProperties) = preSolution
		HideSolutionNode = FALSE
	EndGlobalSection
	GlobalSection(ExtensibilityGlobals) = postSolution
		SolutionGuid = {E3BA9A71-12CD-4894-9F03-FD13F9BEE008}
	EndGlobalSection
EndGlobal
